%{"earmark": {:package, "0.1.10"},
  "ex_doc": {:git, "git://github.com/elixir-lang/ex_doc.git", "307f1920b156e4fcfd9ee72a1233d3e2892caed1", []},
  "hackney": {:git, "git://github.com/benoitc/hackney.git", "fd2158b39b0aa139bb90f0c867f246ddfec072e6", []},
  "httpoison": {:package, "0.3.2"},
  "idna": {:git, "git://github.com/benoitc/erlang-idna.git", "21aa158b7f36bf2a000f12fe40d7f21eece9cf65", [tag: "hackney-0.11.2"]},
  "jsx": {:package, "2.0.4"}}
